Microsoft Visual Studio Solution File, Format Version 12.00
# Visual Studio Version 17
VisualStudioVersion = 17.5.2.0
MinimumVisualStudioVersion = 10.0.40219.1
Project("{FAE04EC0-301F-11D3-BF4B-00C04F79EFBC}") = "TurnBasedGame.Tests", "TurnBasedGame.Tests\TurnBasedGame.Tests.csproj", "{BA1C6D3F-286C-0CEE-2E5C-56459F7A8516}"
EndProject
Project("{FAE04EC0-301F-11D3-BF4B-00C04F79EFBC}") = "TurnBasedGame.Application", "TurnBasedGame.Application\TurnBasedGame.Application.csproj", "{775ABE70-4732-F7B5-98CD-8E98AD3B40ED}"
EndProject
Project("{FAE04EC0-301F-11D3-BF4B-00C04F79EFBC}") = "TurnBasedGame.Domain", "TurnBasedGame.Domain\TurnBasedGame.Domain.csproj", "{179890B3-A2E4-1952-0E94-6F1063E58E59}"
EndProject
Project("{FAE04EC0-301F-11D3-BF4B-00C04F79EFBC}") = "TurnBasedGame.ConsoleUI", "TurnBasedGame.ConsoleUI\TurnBasedGame.ConsoleUI.csproj", "{DCD881D9-B362-4538-8DFE-8CE58EDE34D4}"
EndProject
Global
	GlobalSection(SolutionConfigurationPlatforms) = preSolution
		Debug|Any CPU = Debug|Any CPU
		Release|Any CPU = Release|Any CPU
	EndGlobalSection
	GlobalSection(ProjectConfigurationPlatforms) = postSolution
		{BA1C6D3F-286C-0CEE-2E5C-56459F7A8516}.Debug|Any CPU.ActiveCfg = Debug|Any CPU
		{BA1C6D3F-286C-0CEE-2E5C-56459F7A8516}.Debug|Any CPU.Build.0 = Debug|Any CPU
		{BA1C6D3F-286C-0CEE-2E5C-56459F7A8516}.Release|Any CPU.ActiveCfg = Release|Any CPU
		{BA1C6D3F-286C-0CEE-2E5C-56459F7A8516}.Release|Any CPU.Build.0 = Release|Any CPU
		{775ABE70-4732-F7B5-98CD-8E98AD3B40ED}.Debug|Any CPU.ActiveCfg = Debug|Any CPU
		{775ABE70-4732-F7B5-98CD-8E98AD3B40ED}.Debug|Any CPU.Build.0 = Debug|Any CPU
		{775ABE70-4732-F7B5-98CD-8E98AD3B40ED}.Release|Any CPU.ActiveCfg = Release|Any CPU
		{775ABE70-4732-F7B5-98CD-8E98AD3B40ED}.Release|Any CPU.Build.0 = Release|Any CPU
		{179890B3-A2E4-1952-0E94-6F1063E58E59}.Debug|Any CPU.ActiveCfg = Debug|Any CPU
		{179890B3-A2E4-1952-0E94-6F1063E58E59}.Debug|Any CPU.Build.0 = Debug|Any CPU
		{179890B3-A2E4-1952-0E94-6F1063E58E59}.Release|Any CPU.ActiveCfg = Release|Any CPU
		{179890B3-A2E4-1952-0E94-6F1063E58E59}.Release|Any CPU.Build.0 = Release|Any CPU
		{DCD881D9-B362-4538-8DFE-8CE58EDE34D4}.Debug|Any CPU.ActiveCfg = Debug|Any CPU
		{DCD881D9-B362-4538-8DFE-8CE58EDE34D4}.Debug|Any CPU.Build.0 = Debug|Any CPU
		{DCD881D9-B362-4538-8DFE-8CE58EDE34D4}.Release|Any CPU.ActiveCfg = Release|Any CPU
		{DCD881D9-B362-4538-8DFE-8CE58EDE34D4}.Release|Any CPU.Build.0 = Release|Any CPU
	EndGlobalSection
	GlobalSection(SolutionProperties) = preSolution
		HideSolutionNode = FALSE
	EndGlobalSection
	GlobalSection(ExtensibilityGlobals) = postSolution
		SolutionGuid = {AF0AF752-5723-4549-850B-766CCA2F0BD8}
	EndGlobalSection
EndGlobal
